
Microsoft Visual Studio Solution File, Format Version 12.00
# Visual Studio Version 16
VisualStudioVersion = 16.0.30011.22
MinimumVisualStudioVersion = 10.0.40219.1
Project("{FAE04EC0-301F-11D3-BF4B-00C04F79EFBC}") = "Orus_UserAccessAndManagement", "Orus_UserAccessAndManagement\Orus_UserAccessAndManagement.csproj", "{928DCEAB-8647-4DAD-9494-6535D0D79E4D}"
EndProject
Global
	GlobalSection(SolutionConfigurationPlatforms) = preSolution
		Debug|Any CPU = Debug|Any CPU
		Release|Any CPU = Release|Any CPU
	EndGlobalSection
	GlobalSection(ProjectConfigurationPlatforms) = postSolution
		{928DCEAB-8647-4DAD-9494-6535D0D79E4D}.Debug|Any CPU.ActiveCfg = Debug|Any CPU
		{928DCEAB-8647-4DAD-9494-6535D0D79E4D}.Debug|Any CPU.Build.0 = Debug|Any CPU
		{928DCEAB-8647-4DAD-9494-6535D0D79E4D}.Release|Any CPU.ActiveCfg = Release|Any CPU
		{928DCEAB-8647-4DAD-9494-6535D0D79E4D}.Release|Any CPU.Build.0 = Release|Any CPU
	EndGlobalSection
	GlobalSection(SolutionProperties) = preSolution
		HideSolutionNode = FALSE
	EndGlobalSection
	GlobalSection(ExtensibilityGlobals) = postSolution
		SolutionGuid = {87BB0B84-3320-4F68-84B4-92FF5F5F223E}
	EndGlobalSection
EndGlobal
